
Microsoft Visual Studio Solution File, Format Version 12.00
# Visual Studio 14
VisualStudioVersion = 14.0.25420.1
MinimumVisualStudioVersion = 10.0.40219.1
Project("{FAE04EC0-301F-11D3-BF4B-00C04F79EFBC}") = "DropiumLogin", "DropiumLogin\DropiumLogin\DropiumLogin.csproj", "{2C1F696C-8F55-4360-AB9B-817016091906}"
EndProject
Project("{FAE04EC0-301F-11D3-BF4B-00C04F79EFBC}") = "DropiumLogin.Droid", "DropiumLogin\DropiumLogin.Droid\DropiumLogin.Droid.csproj", "{864C432A-17F9-420B-A456-BFDB7A9FB460}"
EndProject
Project("{FAE04EC0-301F-11D3-BF4B-00C04F79EFBC}") = "DropiumLogin.iOS", "DropiumLogin\DropiumLogin.iOS\DropiumLogin.iOS.csproj", "{5A9A68D1-1146-4C2D-8129-F4590E4E2096}"
EndProject
Global
	GlobalSection(SolutionConfigurationPlatforms) = preSolution
		Ad-Hoc|Any CPU = Ad-Hoc|Any CPU
		Ad-Hoc|ARM = Ad-Hoc|ARM
		Ad-Hoc|iPhone = Ad-Hoc|iPhone
		Ad-Hoc|iPhoneSimulator = Ad-Hoc|iPhoneSimulator
		Ad-Hoc|x64 = Ad-Hoc|x64
		Ad-Hoc|x86 = Ad-Hoc|x86
		AppStore|Any CPU = AppStore|Any CPU
		AppStore|ARM = AppStore|ARM
		AppStore|iPhone = AppStore|iPhone
		AppStore|iPhoneSimulator = AppStore|iPhoneSimulator
		AppStore|x64 = AppStore|x64
		AppStore|x86 = AppStore|x86
		Debug|Any CPU = Debug|Any CPU
		Debug|ARM = Debug|ARM
		Debug|iPhone = Debug|iPhone
		Debug|iPhoneSimulator = Debug|iPhoneSimulator
		Debug|x64 = Debug|x64
		Debug|x86 = Debug|x86
		Release|Any CPU = Release|Any CPU
		Release|ARM = Release|ARM
		Release|iPhone = Release|iPhone
		Release|iPhoneSimulator = Release|iPhoneSimulator
		Release|x64 = Release|x64
		Release|x86 = Release|x86
	EndGlobalSection
	GlobalSection(ProjectConfigurationPlatforms) = postSolution
		{2C1F696C-8F55-4360-AB9B-817016091906}.Ad-Hoc|Any CPU.ActiveCfg = Release|Any CPU
		{2C1F696C-8F55-4360-AB9B-817016091906}.Ad-Hoc|Any CPU.Build.0 = Release|Any CPU
		{2C1F696C-8F55-4360-AB9B-817016091906}.Ad-Hoc|ARM.ActiveCfg = Release|Any CPU
		{2C1F696C-8F55-4360-AB9B-817016091906}.Ad-Hoc|ARM.Build.0 = Release|Any CPU
		{2C1F696C-8F55-4360-AB9B-817016091906}.Ad-Hoc|iPhone.ActiveCfg = Release|Any CPU
		{2C1F696C-8F55-4360-AB9B-817016091906}.Ad-Hoc|iPhone.Build.0 = Release|Any CPU
		{2C1F696C-8F55-4360-AB9B-817016091906}.Ad-Hoc|iPhoneSimulator.ActiveCfg = Release|Any CPU
		{2C1F696C-8F55-4360-AB9B-817016091906}.Ad-Hoc|iPhoneSimulator.Build.0 = Release|Any CPU
		{2C1F696C-8F55-4360-AB9B-817016091906}.Ad-Hoc|x64.ActiveCfg = Release|Any CPU
		{2C1F696C-8F55-4360-AB9B-817016091906}.Ad-Hoc|x64.Build.0 = Release|Any CPU
		{2C1F696C-8F55-4360-AB9B-817016091906}.Ad-Hoc|x86.ActiveCfg = Release|Any CPU
		{2C1F696C-8F55-4360-AB9B-817016091906}.Ad-Hoc|x86.Build.0 = Release|Any CPU
		{2C1F696C-8F55-4360-AB9B-817016091906}.AppStore|Any CPU.ActiveCfg = Release|Any CPU
		{2C1F696C-8F55-4360-AB9B-817016091906}.AppStore|Any CPU.Build.0 = Release|Any CPU
		{2C1F696C-8F55-4360-AB9B-817016091906}.AppStore|ARM.ActiveCfg = Release|Any CPU
		{2C1F696C-8F55-4360-AB9B-817016091906}.AppStore|ARM.Build.0 = Release|Any CPU
		{2C1F696C-8F55-4360-AB9B-817016091906}.AppStore|iPhone.ActiveCfg = Release|Any CPU
		{2C1F696C-8F55-4360-AB9B-817016091906}.AppStore|iPhone.Build.0 = Release|Any CPU
		{2C1F696C-8F55-4360-AB9B-817016091906}.AppStore|iPhoneSimulator.ActiveCfg = Release|Any CPU
		{2C1F696C-8F55-4360-AB9B-817016091906}.AppStore|iPhoneSimulator.Build.0 = Release|Any CPU
		{2C1F696C-8F55-4360-AB9B-817016091906}.AppStore|x64.ActiveCfg = Release|Any CPU
		{2C1F696C-8F55-4360-AB9B-817016091906}.AppStore|x64.Build.0 = Release|Any CPU
		{2C1F696C-8F55-4360-AB9B-817016091906}.AppStore|x86.ActiveCfg = Release|Any CPU
		{2C1F696C-8F55-4360-AB9B-817016091906}.AppStore|x86.Build.0 = Release|Any CPU
		{2C1F696C-8F55-4360-AB9B-817016091906}.Debug|Any CPU.ActiveCfg = Debug|Any CPU
		{2C1F696C-8F55-4360-AB9B-817016091906}.Debug|Any CPU.Build.0 = Debug|Any CPU
		{2C1F696C-8F55-4360-AB9B-817016091906}.Debug|ARM.ActiveCfg = Debug|Any CPU
		{2C1F696C-8F55-4360-AB9B-817016091906}.Debug|ARM.Build.0 = Debug|Any CPU
		{2C1F696C-8F55-4360-AB9B-817016091906}.Debug|iPhone.ActiveCfg = Debug|Any CPU
		{2C1F696C-8F55-4360-AB9B-817016091906}.Debug|iPhone.Build.0 = Debug|Any CPU
		{2C1F696C-8F55-4360-AB9B-817016091906}.Debug|iPhoneSimulator.ActiveCfg = Debug|Any CPU
		{2C1F696C-8F55-4360-AB9B-817016091906}.Debug|iPhoneSimulator.Build.0 = Debug|Any CPU
		{2C1F696C-8F55-4360-AB9B-817016091906}.Debug|x64.ActiveCfg = Debug|Any CPU
		{2C1F696C-8F55-4360-AB9B-817016091906}.Debug|x64.Build.0 = Debug|Any CPU
		{2C1F696C-8F55-4360-AB9B-817016091906}.Debug|x86.ActiveCfg = Debug|Any CPU
		{2C1F696C-8F55-4360-AB9B-817016091906}.Debug|x86.Build.0 = Debug|Any CPU
		{2C1F696C-8F55-4360-AB9B-817016091906}.Release|Any CPU.ActiveCfg = Release|Any CPU
		{2C1F696C-8F55-4360-AB9B-817016091906}.Release|Any CPU.Build.0 = Release|Any CPU
		{2C1F696C-8F55-4360-AB9B-817016091906}.Release|ARM.ActiveCfg = Release|Any CPU
		{2C1F696C-8F55-4360-AB9B-817016091906}.Release|ARM.Build.0 = Release|Any CPU
		{2C1F696C-8F55-4360-AB9B-817016091906}.Release|iPhone.ActiveCfg = Release|Any CPU
		{2C1F696C-8F55-4360-AB9B-817016091906}.Release|iPhone.Build.0 = Release|Any CPU
		{2C1F696C-8F55-4360-AB9B-817016091906}.Release|iPhoneSimulator.ActiveCfg = Release|Any CPU
		{2C1F696C-8F55-4360-AB9B-817016091906}.Release|iPhoneSimulator.Build.0 = Release|Any CPU
		{2C1F696C-8F55-4360-AB9B-817016091906}.Release|x64.ActiveCfg = Release|Any CPU
		{2C1F696C-8F55-4360-AB9B-817016091906}.Release|x64.Build.0 = Release|Any CPU
		{2C1F696C-8F55-4360-AB9B-817016091906}.Release|x86.ActiveCfg = Release|Any CPU
		{2C1F696C-8F55-4360-AB9B-817016091906}.Release|x86.Build.0 = Release|Any CPU
		{864C432A-17F9-420B-A456-BFDB7A9FB460}.Ad-Hoc|Any CPU.ActiveCfg = Release|Any CPU
		{864C432A-17F9-420B-A456-BFDB7A9FB460}.Ad-Hoc|Any CPU.Build.0 = Release|Any CPU
		{864C432A-17F9-420B-A456-BFDB7A9FB460}.Ad-Hoc|Any CPU.Deploy.0 = Release|Any CPU
		{864C432A-17F9-420B-A456-BFDB7A9FB460}.Ad-Hoc|ARM.ActiveCfg = Release|Any CPU
		{864C432A-17F9-420B-A456-BFDB7A9FB460}.Ad-Hoc|ARM.Build.0 = Release|Any CPU
		{864C432A-17F9-420B-A456-BFDB7A9FB460}.Ad-Hoc|ARM.Deploy.0 = Release|Any CPU
		{864C432A-17F9-420B-A456-BFDB7A9FB460}.Ad-Hoc|iPhone.ActiveCfg = Release|Any CPU
		{864C432A-17F9-420B-A456-BFDB7A9FB460}.Ad-Hoc|iPhone.Build.0 = Release|Any CPU
		{864C432A-17F9-420B-A456-BFDB7A9FB460}.Ad-Hoc|iPhone.Deploy.0 = Release|Any CPU
		{864C432A-17F9-420B-A456-BFDB7A9FB460}.Ad-Hoc|iPhoneSimulator.ActiveCfg = Release|Any CPU
		{864C432A-17F9-420B-A456-BFDB7A9FB460}.Ad-Hoc|iPhoneSimulator.Build.0 = Release|Any CPU
		{864C432A-17F9-420B-A456-BFDB7A9FB460}.Ad-Hoc|iPhoneSimulator.Deploy.0 = Release|Any CPU
		{864C432A-17F9-420B-A456-BFDB7A9FB460}.Ad-Hoc|x64.ActiveCfg = Release|Any CPU
		{864C432A-17F9-420B-A456-BFDB7A9FB460}.Ad-Hoc|x64.Build.0 = Release|Any CPU
		{864C432A-17F9-420B-A456-BFDB7A9FB460}.Ad-Hoc|x64.Deploy.0 = Release|Any CPU
		{864C432A-17F9-420B-A456-BFDB7A9FB460}.Ad-Hoc|x86.ActiveCfg = Release|Any CPU
		{864C432A-17F9-420B-A456-BFDB7A9FB460}.Ad-Hoc|x86.Build.0 = Release|Any CPU
		{864C432A-17F9-420B-A456-BFDB7A9FB460}.Ad-Hoc|x86.Deploy.0 = Release|Any CPU
		{864C432A-17F9-420B-A456-BFDB7A9FB460}.AppStore|Any CPU.ActiveCfg = Release|Any CPU
		{864C432A-17F9-420B-A456-BFDB7A9FB460}.AppStore|Any CPU.Build.0 = Release|Any CPU
		{864C432A-17F9-420B-A456-BFDB7A9FB460}.AppStore|Any CPU.Deploy.0 = Release|Any CPU
		{864C432A-17F9-420B-A456-BFDB7A9FB460}.AppStore|ARM.ActiveCfg = Release|Any CPU
		{864C432A-17F9-420B-A456-BFDB7A9FB460}.AppStore|ARM.Build.0 = Release|Any CPU
		{864C432A-17F9-420B-A456-BFDB7A9FB460}.AppStore|ARM.Deploy.0 = Release|Any CPU
		{864C432A-17F9-420B-A456-BFDB7A9FB460}.AppStore|iPhone.ActiveCfg = Release|Any CPU
		{864C432A-17F9-420B-A456-BFDB7A9FB460}.AppStore|iPhone.Build.0 = Release|Any CPU
		{864C432A-17F9-420B-A456-BFDB7A9FB460}.AppStore|iPhone.Deploy.0 = Release|Any CPU
		{864C432A-17F9-420B-A456-BFDB7A9FB460}.AppStore|iPhoneSimulator.ActiveCfg = Release|Any CPU
		{864C432A-17F9-420B-A456-BFDB7A9FB460}.AppStore|iPhoneSimulator.Build.0 = Release|Any CPU
		{864C432A-17F9-420B-A456-BFDB7A9FB460}.AppStore|iPhoneSimulator.Deploy.0 = Release|Any CPU
		{864C432A-17F9-420B-A456-BFDB7A9FB460}.AppStore|x64.ActiveCfg = Release|Any CPU
		{864C432A-17F9-420B-A456-BFDB7A9FB460}.AppStore|x64.Build.0 = Release|Any CPU
		{864C432A-17F9-420B-A456-BFDB7A9FB460}.AppStore|x64.Deploy.0 = Release|Any CPU
		{864C432A-17F9-420B-A456-BFDB7A9FB460}.AppStore|x86.ActiveCfg = Release|Any CPU
		{864C432A-17F9-420B-A456-BFDB7A9FB460}.AppStore|x86.Build.0 = Release|Any CPU
		{864C432A-17F9-420B-A456-BFDB7A9FB460}.AppStore|x86.Deploy.0 = Release|Any CPU
		{864C432A-17F9-420B-A456-BFDB7A9FB460}.Debug|Any CPU.ActiveCfg = Debug|Any CPU
		{864C432A-17F9-420B-A456-BFDB7A9FB460}.Debug|Any CPU.Build.0 = Debug|Any CPU
		{864C432A-17F9-420B-A456-BFDB7A9FB460}.Debug|Any CPU.Deploy.0 = Debug|Any CPU
		{864C432A-17F9-420B-A456-BFDB7A9FB460}.Debug|ARM.ActiveCfg = Debug|Any CPU
		{864C432A-17F9-420B-A456-BFDB7A9FB460}.Debug|ARM.Build.0 = Debug|Any CPU
		{864C432A-17F9-420B-A456-BFDB7A9FB460}.Debug|ARM.Deploy.0 = Debug|Any CPU
		{864C432A-17F9-420B-A456-BFDB7A9FB460}.Debug|iPhone.ActiveCfg = Debug|Any CPU
		{864C432A-17F9-420B-A456-BFDB7A9FB460}.Debug|iPhone.Build.0 = Debug|Any CPU
		{864C432A-17F9-420B-A456-BFDB7A9FB460}.Debug|iPhone.Deploy.0 = Debug|Any CPU
		{864C432A-17F9-420B-A456-BFDB7A9FB460}.Debug|iPhoneSimulator.ActiveCfg = Debug|Any CPU
		{864C432A-17F9-420B-A456-BFDB7A9FB460}.Debug|iPhoneSimulator.Build.0 = Debug|Any CPU
		{864C432A-17F9-420B-A456-BFDB7A9FB460}.Debug|iPhoneSimulator.Deploy.0 = Debug|Any CPU
		{864C432A-17F9-420B-A456-BFDB7A9FB460}.Debug|x64.ActiveCfg = Debug|Any CPU
		{864C432A-17F9-420B-A456-BFDB7A9FB460}.Debug|x64.Build.0 = Debug|Any CPU
		{864C432A-17F9-420B-A456-BFDB7A9FB460}.Debug|x64.Deploy.0 = Debug|Any CPU
		{864C432A-17F9-420B-A456-BFDB7A9FB460}.Debug|x86.ActiveCfg = Debug|Any CPU
		{864C432A-17F9-420B-A456-BFDB7A9FB460}.Debug|x86.Build.0 = Debug|Any CPU
		{864C432A-17F9-420B-A456-BFDB7A9FB460}.Debug|x86.Deploy.0 = Debug|Any CPU
		{864C432A-17F9-420B-A456-BFDB7A9FB460}.Release|Any CPU.ActiveCfg = Release|Any CPU
		{864C432A-17F9-420B-A456-BFDB7A9FB460}.Release|Any CPU.Build.0 = Release|Any CPU
		{864C432A-17F9-420B-A456-BFDB7A9FB460}.Release|Any CPU.Deploy.0 = Release|Any CPU
		{864C432A-17F9-420B-A456-BFDB7A9FB460}.Release|ARM.ActiveCfg = Release|Any CPU
		{864C432A-17F9-420B-A456-BFDB7A9FB460}.Release|ARM.Build.0 = Release|Any CPU
		{864C432A-17F9-420B-A456-BFDB7A9FB460}.Release|ARM.Deploy.0 = Release|Any CPU
		{864C432A-17F9-420B-A456-BFDB7A9FB460}.Release|iPhone.ActiveCfg = Release|Any CPU
		{864C432A-17F9-420B-A456-BFDB7A9FB460}.Release|iPhone.Build.0 = Release|Any CPU
		{864C432A-17F9-420B-A456-BFDB7A9FB460}.Release|iPhone.Deploy.0 = Release|Any CPU
		{864C432A-17F9-420B-A456-BFDB7A9FB460}.Release|iPhoneSimulator.ActiveCfg = Release|Any CPU
		{864C432A-17F9-420B-A456-BFDB7A9FB460}.Release|iPhoneSimulator.Build.0 = Release|Any CPU
		{864C432A-17F9-420B-A456-BFDB7A9FB460}.Release|iPhoneSimulator.Deploy.0 = Release|Any CPU
		{864C432A-17F9-420B-A456-BFDB7A9FB460}.Release|x64.ActiveCfg = Release|Any CPU
		{864C432A-17F9-420B-A456-BFDB7A9FB460}.Release|x64.Build.0 = Release|Any CPU
		{864C432A-17F9-420B-A456-BFDB7A9FB460}.Release|x64.Deploy.0 = Release|Any CPU
		{864C432A-17F9-420B-A456-BFDB7A9FB460}.Release|x86.ActiveCfg = Release|Any CPU
		{864C432A-17F9-420B-A456-BFDB7A9FB460}.Release|x86.Build.0 = Release|Any CPU
		{864C432A-17F9-420B-A456-BFDB7A9FB460}.Release|x86.Deploy.0 = Release|Any CPU
		{5A9A68D1-1146-4C2D-8129-F4590E4E2096}.Ad-Hoc|Any CPU.ActiveCfg = Ad-Hoc|iPhone
		{5A9A68D1-1146-4C2D-8129-F4590E4E2096}.Ad-Hoc|ARM.ActiveCfg = Ad-Hoc|iPhone
		{5A9A68D1-1146-4C2D-8129-F4590E4E2096}.Ad-Hoc|iPhone.ActiveCfg = Ad-Hoc|iPhone
		{5A9A68D1-1146-4C2D-8129-F4590E4E2096}.Ad-Hoc|iPhone.Build.0 = Ad-Hoc|iPhone
		{5A9A68D1-1146-4C2D-8129-F4590E4E2096}.Ad-Hoc|iPhoneSimulator.ActiveCfg = Ad-Hoc|iPhoneSimulator
		{5A9A68D1-1146-4C2D-8129-F4590E4E2096}.Ad-Hoc|iPhoneSimulator.Build.0 = Ad-Hoc|iPhoneSimulator
		{5A9A68D1-1146-4C2D-8129-F4590E4E2096}.Ad-Hoc|x64.ActiveCfg = Ad-Hoc|iPhone
		{5A9A68D1-1146-4C2D-8129-F4590E4E2096}.Ad-Hoc|x86.ActiveCfg = Ad-Hoc|iPhone
		{5A9A68D1-1146-4C2D-8129-F4590E4E2096}.AppStore|Any CPU.ActiveCfg = AppStore|iPhone
		{5A9A68D1-1146-4C2D-8129-F4590E4E2096}.AppStore|ARM.ActiveCfg = AppStore|iPhone
		{5A9A68D1-1146-4C2D-8129-F4590E4E2096}.AppStore|iPhone.ActiveCfg = AppStore|iPhone
		{5A9A68D1-1146-4C2D-8129-F4590E4E2096}.AppStore|iPhone.Build.0 = AppStore|iPhone
		{5A9A68D1-1146-4C2D-8129-F4590E4E2096}.AppStore|iPhoneSimulator.ActiveCfg = AppStore|iPhoneSimulator
		{5A9A68D1-1146-4C2D-8129-F4590E4E2096}.AppStore|iPhoneSimulator.Build.0 = AppStore|iPhoneSimulator
		{5A9A68D1-1146-4C2D-8129-F4590E4E2096}.AppStore|x64.ActiveCfg = AppStore|iPhone
		{5A9A68D1-1146-4C2D-8129-F4590E4E2096}.AppStore|x86.ActiveCfg = AppStore|iPhone
		{5A9A68D1-1146-4C2D-8129-F4590E4E2096}.Debug|Any CPU.ActiveCfg = Debug|iPhone
		{5A9A68D1-1146-4C2D-8129-F4590E4E2096}.Debug|ARM.ActiveCfg = Debug|iPhone
		{5A9A68D1-1146-4C2D-8129-F4590E4E2096}.Debug|iPhone.ActiveCfg = Debug|iPhone
		{5A9A68D1-1146-4C2D-8129-F4590E4E2096}.Debug|iPhone.Build.0 = Debug|iPhone
		{5A9A68D1-1146-4C2D-8129-F4590E4E2096}.Debug|iPhoneSimulator.ActiveCfg = Debug|iPhoneSimulator
		{5A9A68D1-1146-4C2D-8129-F4590E4E2096}.Debug|iPhoneSimulator.Build.0 = Debug|iPhoneSimulator
		{5A9A68D1-1146-4C2D-8129-F4590E4E2096}.Debug|x64.ActiveCfg = Debug|iPhone
		{5A9A68D1-1146-4C2D-8129-F4590E4E2096}.Debug|x86.ActiveCfg = Debug|iPhone
		{5A9A68D1-1146-4C2D-8129-F4590E4E2096}.Release|Any CPU.ActiveCfg = Release|iPhone
		{5A9A68D1-1146-4C2D-8129-F4590E4E2096}.Release|ARM.ActiveCfg = Release|iPhone
		{5A9A68D1-1146-4C2D-8129-F4590E4E2096}.Release|iPhone.ActiveCfg = Release|iPhone
		{5A9A68D1-1146-4C2D-8129-F4590E4E2096}.Release|iPhone.Build.0 = Release|iPhone
		{5A9A68D1-1146-4C2D-8129-F4590E4E2096}.Release|iPhoneSimulator.ActiveCfg = Release|iPhoneSimulator
		{5A9A68D1-1146-4C2D-8129-F4590E4E2096}.Release|iPhoneSimulator.Build.0 = Release|iPhoneSimulator
		{5A9A68D1-1146-4C2D-8129-F4590E4E2096}.Release|x64.ActiveCfg = Release|iPhone
		{5A9A68D1-1146-4C2D-8129-F4590E4E2096}.Release|x86.ActiveCfg = Release|iPhone
	EndGlobalSection
	GlobalSection(SolutionProperties) = preSolution
		HideSolutionNode = FALSE
	EndGlobalSection
EndGlobal
